
Microsoft Visual Studio Solution File, Format Version 12.00
# Visual Studio Version 17
VisualStudioVersion = 17.4.33213.308
MinimumVisualStudioVersion = 10.0.40219.1
Project("{FAE04EC0-301F-11D3-BF4B-00C04F79EFBC}") = "WindowToWindow", "WindowToWindow\WindowToWindow.csproj", "{DDBCD7D7-20A6-4CCF-B9D4-E70A68A4464C}"
EndProject
Global
	GlobalSection(SolutionConfigurationPlatforms) = preSolution
		Debug|Any CPU = Debug|Any CPU
		Release|Any CPU = Release|Any CPU
	EndGlobalSection
	GlobalSection(ProjectConfigurationPlatforms) = postSolution
		{DDBCD7D7-20A6-4CCF-B9D4-E70A68A4464C}.Debug|Any CPU.ActiveCfg = Debug|Any CPU
		{DDBCD7D7-20A6-4CCF-B9D4-E70A68A4464C}.Debug|Any CPU.Build.0 = Debug|Any CPU
		{DDBCD7D7-20A6-4CCF-B9D4-E70A68A4464C}.Release|Any CPU.ActiveCfg = Release|Any CPU
		{DDBCD7D7-20A6-4CCF-B9D4-E70A68A4464C}.Release|Any CPU.Build.0 = Release|Any CPU
	EndGlobalSection
	GlobalSection(SolutionProperties) = preSolution
		HideSolutionNode = FALSE
	EndGlobalSection
	GlobalSection(ExtensibilityGlobals) = postSolution
		SolutionGuid = {382FCC20-5B37-47D5-B165-F80C2F91988E}
	EndGlobalSection
EndGlobal
